
Microsoft Visual Studio Solution File, Format Version 12.00
# Visual Studio 2012
Project("{FAE04EC0-301F-11D3-BF4B-00C04F79EFBC}") = "LibGC", "LibGC.csproj", "{F720FE95-F774-4E85-A40A-EDB931BA59DC}"
EndProject
Global
	GlobalSection(SolutionConfigurationPlatforms) = preSolution
		Debug|Any CPU = Debug|Any CPU
		Release|Any CPU = Release|Any CPU
	EndGlobalSection
	GlobalSection(ProjectConfigurationPlatforms) = postSolution
		{F720FE95-F774-4E85-A40A-EDB931BA59DC}.Debug|Any CPU.ActiveCfg = Debug|Any CPU
		{F720FE95-F774-4E85-A40A-EDB931BA59DC}.Debug|Any CPU.Build.0 = Debug|Any CPU
		{F720FE95-F774-4E85-A40A-EDB931BA59DC}.Release|Any CPU.ActiveCfg = Release|Any CPU
		{F720FE95-F774-4E85-A40A-EDB931BA59DC}.Release|Any CPU.Build.0 = Release|Any CPU
	EndGlobalSection
EndGlobal
